
Microsoft Visual Studio Solution File, Format Version 12.00
# Visual Studio 15
VisualStudioVersion = 15.0.28307.1267
MinimumVisualStudioVersion = 10.0.40219.1
Project("{FAE04EC0-301F-11D3-BF4B-00C04F79EFBC}") = "ChuckNorrisFun", "ChuckNorrisFun\ChuckNorrisFun.csproj", "{F98866B4-0B6A-45C0-A747-1FC8D6273380}"
EndProject
Global
	GlobalSection(SolutionConfigurationPlatforms) = preSolution
		Debug|Any CPU = Debug|Any CPU
		Release|Any CPU = Release|Any CPU
	EndGlobalSection
	GlobalSection(ProjectConfigurationPlatforms) = postSolution
		{F98866B4-0B6A-45C0-A747-1FC8D6273380}.Debug|Any CPU.ActiveCfg = Debug|Any CPU
		{F98866B4-0B6A-45C0-A747-1FC8D6273380}.Debug|Any CPU.Build.0 = Debug|Any CPU
		{F98866B4-0B6A-45C0-A747-1FC8D6273380}.Release|Any CPU.ActiveCfg = Release|Any CPU
		{F98866B4-0B6A-45C0-A747-1FC8D6273380}.Release|Any CPU.Build.0 = Release|Any CPU
	EndGlobalSection
	GlobalSection(SolutionProperties) = preSolution
		HideSolutionNode = FALSE
	EndGlobalSection
	GlobalSection(ExtensibilityGlobals) = postSolution
		SolutionGuid = {D32272C2-1C81-41A2-AB0E-4B6C061ACEA5}
	EndGlobalSection
EndGlobal
